
Microsoft Visual Studio Solution File, Format Version 12.00
# Visual Studio Version 17
VisualStudioVersion = 17.8.34408.163
MinimumVisualStudioVersion = 10.0.40219.1
Project("{2150E333-8FDC-42A3-9474-1A3956D46DE8}") = "BuildingBlocks", "BuildingBlocks", "{5EEDB077-765D-48C1-9F35-69DF15AC8BCE}"
EndProject
Project("{2150E333-8FDC-42A3-9474-1A3956D46DE8}") = "Services", "Services", "{6C3E9BDC-A655-4EE8-850F-B1D66F0F74B6}"
EndProject
Project("{FAE04EC0-301F-11D3-BF4B-00C04F79EFBC}") = "BuildingBlocks", "BuildingBlocks\BuildingBlocks\BuildingBlocks.csproj", "{C4A57491-72DB-4776-BEF9-A17722AB75FC}"
EndProject
Project("{2150E333-8FDC-42A3-9474-1A3956D46DE8}") = "Catalog", "Catalog", "{31484037-EA9E-492A-95EE-11E861F6D347}"
EndProject
Project("{FAE04EC0-301F-11D3-BF4B-00C04F79EFBC}") = "Catalog.API", "Services\Catalog\Catalog.API\Catalog.API.csproj", "{64BF0EFE-5509-466E-A27F-CAFD6B08F476}"
EndProject
Project("{2150E333-8FDC-42A3-9474-1A3956D46DE8}") = "Basket", "Basket", "{79E6F8D0-17A6-485E-910A-C09331EC9B7E}"
EndProject
Project("{FAE04EC0-301F-11D3-BF4B-00C04F79EFBC}") = "Basket.API", "Services\Basket\Basket.API\Basket.API.csproj", "{2047B611-DF71-4542-BCCF-ECF2F68C8C06}"
	ProjectSection(ProjectDependencies) = postProject
		{C2A13F0B-4340-4730-8592-DEBED498E549} = {C2A13F0B-4340-4730-8592-DEBED498E549}
		{12F7D8C0-DF68-406F-8A8B-E5A21695CD5B} = {12F7D8C0-DF68-406F-8A8B-E5A21695CD5B}
	EndProjectSection
EndProject
Project("{2150E333-8FDC-42A3-9474-1A3956D46DE8}") = "Discount", "Discount", "{A80318D6-1FE7-42F1-94BC-61E6262070C2}"
EndProject
Project("{FAE04EC0-301F-11D3-BF4B-00C04F79EFBC}") = "Discount.Grpc", "Services\Discount\Discount.Grpc\Discount.Grpc.csproj", "{C2A13F0B-4340-4730-8592-DEBED498E549}"
EndProject
Project("{2150E333-8FDC-42A3-9474-1A3956D46DE8}") = "Ordering", "Ordering", "{C6E11D66-A34B-44B0-9BC5-6531BC6809FE}"
EndProject
Project("{FAE04EC0-301F-11D3-BF4B-00C04F79EFBC}") = "Ordering.API", "Services\Ordering\Ordering.API\Ordering.API.csproj", "{12F7D8C0-DF68-406F-8A8B-E5A21695CD5B}"
EndProject
Project("{FAE04EC0-301F-11D3-BF4B-00C04F79EFBC}") = "Ordering.Domain", "Services\Ordering\Ordering.Domain\Ordering.Domain\Ordering.Domain.csproj", "{9CABEB2E-C1F6-4778-809A-876EE5C16458}"
EndProject
Project("{FAE04EC0-301F-11D3-BF4B-00C04F79EFBC}") = "Ordering.Application", "Services\Ordering\Ordering.Application\Ordering.Application\Ordering.Application.csproj", "{FF3D286F-B684-498C-96D7-C95CDB0B0569}"
EndProject
Project("{FAE04EC0-301F-11D3-BF4B-00C04F79EFBC}") = "Ordering.Infrastructure", "Services\Ordering\Ordering.Infrastructure\Ordering.Infrastructure\Ordering.Infrastructure.csproj", "{C3BE982C-EDFC-445D-9AE5-D0FF2575C332}"
EndProject
Project("{FAE04EC0-301F-11D3-BF4B-00C04F79EFBC}") = "BuildingBlocks.Messaging", "BuildingBlocks\BuildingBlocks.Messaging\BuildingBlocks.Messaging.csproj", "{BA361373-B8C6-43C1-95AA-1165F83FC374}"
EndProject
Global
	GlobalSection(SolutionProperties) = preSolution
		HideSolutionNode = FALSE
	EndGlobalSection
	GlobalSection(ExtensibilityGlobals) = postSolution
		SolutionGuid = {C4C1ECE9-A4AD-4FED-B0FC-7EA1636ACABF}
	EndGlobalSection
	GlobalSection(NestedProjects) = preSolution
		{C4A57491-72DB-4776-BEF9-A17722AB75FC} = {5EEDB077-765D-48C1-9F35-69DF15AC8BCE}
		{31484037-EA9E-492A-95EE-11E861F6D347} = {6C3E9BDC-A655-4EE8-850F-B1D66F0F74B6}
		{64BF0EFE-5509-466E-A27F-CAFD6B08F476} = {31484037-EA9E-492A-95EE-11E861F6D347}
		{79E6F8D0-17A6-485E-910A-C09331EC9B7E} = {6C3E9BDC-A655-4EE8-850F-B1D66F0F74B6}
		{2047B611-DF71-4542-BCCF-ECF2F68C8C06} = {79E6F8D0-17A6-485E-910A-C09331EC9B7E}
		{A80318D6-1FE7-42F1-94BC-61E6262070C2} = {6C3E9BDC-A655-4EE8-850F-B1D66F0F74B6}
		{C2A13F0B-4340-4730-8592-DEBED498E549} = {A80318D6-1FE7-42F1-94BC-61E6262070C2}
		{C6E11D66-A34B-44B0-9BC5-6531BC6809FE} = {6C3E9BDC-A655-4EE8-850F-B1D66F0F74B6}
		{12F7D8C0-DF68-406F-8A8B-E5A21695CD5B} = {C6E11D66-A34B-44B0-9BC5-6531BC6809FE}
		{9CABEB2E-C1F6-4778-809A-876EE5C16458} = {C6E11D66-A34B-44B0-9BC5-6531BC6809FE}
		{FF3D286F-B684-498C-96D7-C95CDB0B0569} = {C6E11D66-A34B-44B0-9BC5-6531BC6809FE}
		{C3BE982C-EDFC-445D-9AE5-D0FF2575C332} = {C6E11D66-A34B-44B0-9BC5-6531BC6809FE}
		{BA361373-B8C6-43C1-95AA-1165F83FC374} = {5EEDB077-765D-48C1-9F35-69DF15AC8BCE}
	EndGlobalSection
	GlobalSection(ProjectConfigurationPlatforms) = postSolution
		{C4A57491-72DB-4776-BEF9-A17722AB75FC}.Debug|Any CPU.ActiveCfg = Debug|Any CPU
		{C4A57491-72DB-4776-BEF9-A17722AB75FC}.Debug|Any CPU.Build.0 = Debug|Any CPU
		{C4A57491-72DB-4776-BEF9-A17722AB75FC}.Release|Any CPU.ActiveCfg = Release|Any CPU
		{C4A57491-72DB-4776-BEF9-A17722AB75FC}.Release|Any CPU.Build.0 = Release|Any CPU
		{64BF0EFE-5509-466E-A27F-CAFD6B08F476}.Debug|Any CPU.ActiveCfg = Debug|Any CPU
		{64BF0EFE-5509-466E-A27F-CAFD6B08F476}.Debug|Any CPU.Build.0 = Debug|Any CPU
		{64BF0EFE-5509-466E-A27F-CAFD6B08F476}.Release|Any CPU.ActiveCfg = Release|Any CPU
		{64BF0EFE-5509-466E-A27F-CAFD6B08F476}.Release|Any CPU.Build.0 = Release|Any CPU
		{2047B611-DF71-4542-BCCF-ECF2F68C8C06}.Debug|Any CPU.ActiveCfg = Debug|Any CPU
		{2047B611-DF71-4542-BCCF-ECF2F68C8C06}.Debug|Any CPU.Build.0 = Debug|Any CPU
		{2047B611-DF71-4542-BCCF-ECF2F68C8C06}.Release|Any CPU.ActiveCfg = Release|Any CPU
		{2047B611-DF71-4542-BCCF-ECF2F68C8C06}.Release|Any CPU.Build.0 = Release|Any CPU
		{C2A13F0B-4340-4730-8592-DEBED498E549}.Debug|Any CPU.ActiveCfg = Debug|Any CPU
		{C2A13F0B-4340-4730-8592-DEBED498E549}.Debug|Any CPU.Build.0 = Debug|Any CPU
		{C2A13F0B-4340-4730-8592-DEBED498E549}.Release|Any CPU.ActiveCfg = Release|Any CPU
		{C2A13F0B-4340-4730-8592-DEBED498E549}.Release|Any CPU.Build.0 = Release|Any CPU
		{12F7D8C0-DF68-406F-8A8B-E5A21695CD5B}.Debug|Any CPU.ActiveCfg = Debug|Any CPU
		{12F7D8C0-DF68-406F-8A8B-E5A21695CD5B}.Debug|Any CPU.Build.0 = Debug|Any CPU
		{12F7D8C0-DF68-406F-8A8B-E5A21695CD5B}.Release|Any CPU.ActiveCfg = Release|Any CPU
		{12F7D8C0-DF68-406F-8A8B-E5A21695CD5B}.Release|Any CPU.Build.0 = Release|Any CPU
		{9CABEB2E-C1F6-4778-809A-876EE5C16458}.Debug|Any CPU.ActiveCfg = Debug|Any CPU
		{9CABEB2E-C1F6-4778-809A-876EE5C16458}.Debug|Any CPU.Build.0 = Debug|Any CPU
		{9CABEB2E-C1F6-4778-809A-876EE5C16458}.Release|Any CPU.ActiveCfg = Release|Any CPU
		{9CABEB2E-C1F6-4778-809A-876EE5C16458}.Release|Any CPU.Build.0 = Release|Any CPU
		{FF3D286F-B684-498C-96D7-C95CDB0B0569}.Debug|Any CPU.ActiveCfg = Debug|Any CPU
		{FF3D286F-B684-498C-96D7-C95CDB0B0569}.Debug|Any CPU.Build.0 = Debug|Any CPU
		{FF3D286F-B684-498C-96D7-C95CDB0B0569}.Release|Any CPU.ActiveCfg = Release|Any CPU
		{FF3D286F-B684-498C-96D7-C95CDB0B0569}.Release|Any CPU.Build.0 = Release|Any CPU
		{C3BE982C-EDFC-445D-9AE5-D0FF2575C332}.Debug|Any CPU.ActiveCfg = Debug|Any CPU
		{C3BE982C-EDFC-445D-9AE5-D0FF2575C332}.Debug|Any CPU.Build.0 = Debug|Any CPU
		{C3BE982C-EDFC-445D-9AE5-D0FF2575C332}.Release|Any CPU.ActiveCfg = Release|Any CPU
		{C3BE982C-EDFC-445D-9AE5-D0FF2575C332}.Release|Any CPU.Build.0 = Release|Any CPU
		{BA361373-B8C6-43C1-95AA-1165F83FC374}.Debug|Any CPU.ActiveCfg = Debug|Any CPU
		{BA361373-B8C6-43C1-95AA-1165F83FC374}.Debug|Any CPU.Build.0 = Debug|Any CPU
		{BA361373-B8C6-43C1-95AA-1165F83FC374}.Release|Any CPU.ActiveCfg = Release|Any CPU
		{BA361373-B8C6-43C1-95AA-1165F83FC374}.Release|Any CPU.Build.0 = Release|Any CPU
	EndGlobalSection
	GlobalSection(SolutionConfigurationPlatforms) = preSolution
		Debug|Any CPU = Debug|Any CPU
		Release|Any CPU = Release|Any CPU
	EndGlobalSection
EndGlobal
